
Microsoft Visual Studio Solution File, Format Version 12.00
# Visual Studio 2017
Project("{FAE04EC0-301F-11D3-BF4B-00C04F79EFBC}") = "RigidBodySimulatorLinear.Plugins", "RigidBodySimulatorLinear.Plugins.csproj", "{906E4DC7-A737-4AF6-4C50-7A80B22371E6}"
EndProject
Project("{FAE04EC0-301F-11D3-BF4B-00C04F79EFBC}") = "RigidBodySimulatorLinear", "RigidBodySimulatorLinear.csproj", "{F83BC8AE-80B7-6F21-D04C-63FBBB6CE9E4}"
EndProject
Project("{FAE04EC0-301F-11D3-BF4B-00C04F79EFBC}") = "RigidBodySimulatorLinear.Editor.Plugins", "RigidBodySimulatorLinear.Editor.Plugins.csproj", "{31E75E6A-7EFD-BDA4-593B-3DD4CF76CAC3}"
EndProject
Global
	GlobalSection(SolutionConfigurationPlatforms) = preSolution
		Debug|Any CPU = Debug|Any CPU
		Release|Any CPU = Release|Any CPU
	EndGlobalSection
	GlobalSection(ProjectConfigurationPlatforms) = postSolution
		{906E4DC7-A737-4AF6-4C50-7A80B22371E6}.Debug|Any CPU.ActiveCfg = Debug|Any CPU
		{906E4DC7-A737-4AF6-4C50-7A80B22371E6}.Debug|Any CPU.Build.0 = Debug|Any CPU
		{906E4DC7-A737-4AF6-4C50-7A80B22371E6}.Release|Any CPU.ActiveCfg = Release|Any CPU
		{906E4DC7-A737-4AF6-4C50-7A80B22371E6}.Release|Any CPU.Build.0 = Release|Any CPU
		{F83BC8AE-80B7-6F21-D04C-63FBBB6CE9E4}.Debug|Any CPU.ActiveCfg = Debug|Any CPU
		{F83BC8AE-80B7-6F21-D04C-63FBBB6CE9E4}.Debug|Any CPU.Build.0 = Debug|Any CPU
		{F83BC8AE-80B7-6F21-D04C-63FBBB6CE9E4}.Release|Any CPU.ActiveCfg = Release|Any CPU
		{F83BC8AE-80B7-6F21-D04C-63FBBB6CE9E4}.Release|Any CPU.Build.0 = Release|Any CPU
		{31E75E6A-7EFD-BDA4-593B-3DD4CF76CAC3}.Debug|Any CPU.ActiveCfg = Debug|Any CPU
		{31E75E6A-7EFD-BDA4-593B-3DD4CF76CAC3}.Debug|Any CPU.Build.0 = Debug|Any CPU
		{31E75E6A-7EFD-BDA4-593B-3DD4CF76CAC3}.Release|Any CPU.ActiveCfg = Release|Any CPU
		{31E75E6A-7EFD-BDA4-593B-3DD4CF76CAC3}.Release|Any CPU.Build.0 = Release|Any CPU
	EndGlobalSection
	GlobalSection(SolutionProperties) = preSolution
		HideSolutionNode = FALSE
	EndGlobalSection
EndGlobal
